
Microsoft Visual Studio Solution File, Format Version 12.00
# Visual Studio 2013
VisualStudioVersion = 12.0.31101.0
MinimumVisualStudioVersion = 10.0.40219.1
Project("{FAE04EC0-301F-11D3-BF4B-00C04F79EFBC}") = "SupermarketChain", "SupermarketChain\SupermarketChain.csproj", "{5750E589-B9A0-42DF-9AE0-78833560E1A3}"
EndProject
Project("{FAE04EC0-301F-11D3-BF4B-00C04F79EFBC}") = "SupermarketChainOracle.Data", "SupermarketChainOracle.Data\SupermarketChainOracle.Data.csproj", "{B50D2E39-214E-4FAC-BE60-0146D0A4D7E5}"
EndProject
Project("{FAE04EC0-301F-11D3-BF4B-00C04F79EFBC}") = "SupermarketChainOracle.DataAccess", "SupermarketChainOracle.DataAccess\SupermarketChainOracle.DataAccess.csproj", "{C523DCCE-0C60-4590-9419-4BD6908D867A}"
EndProject
Project("{FAE04EC0-301F-11D3-BF4B-00C04F79EFBC}") = "SupermarketChainSQLServer.Data", "SupermarketChainSQLServer.Data\SupermarketChainSQLServer.Data.csproj", "{7ACEA284-7346-4667-9934-3DF89B162AC1}"
EndProject
Project("{FAE04EC0-301F-11D3-BF4B-00C04F79EFBC}") = "SupermarketChainSQLServer.DataAccess", "SupermarketChainSQLServer.DataAccess\SupermarketChainSQLServer.DataAccess.csproj", "{5BA1DE54-6AA9-4696-ADE1-C32985BC3129}"
EndProject
Project("{FAE04EC0-301F-11D3-BF4B-00C04F79EFBC}") = "ExcelSalesReports.DataAccess", "ExcelSalesReports.DataAccess\ExcelSalesReports.DataAccess.csproj", "{52DF0B17-0BCB-4DE4-A315-D74B8FBF86B1}"
EndProject
Global
	GlobalSection(SolutionConfigurationPlatforms) = preSolution
		Debug|Any CPU = Debug|Any CPU
		Release|Any CPU = Release|Any CPU
	EndGlobalSection
	GlobalSection(ProjectConfigurationPlatforms) = postSolution
		{5750E589-B9A0-42DF-9AE0-78833560E1A3}.Debug|Any CPU.ActiveCfg = Debug|Any CPU
		{5750E589-B9A0-42DF-9AE0-78833560E1A3}.Debug|Any CPU.Build.0 = Debug|Any CPU
		{5750E589-B9A0-42DF-9AE0-78833560E1A3}.Release|Any CPU.ActiveCfg = Release|Any CPU
		{5750E589-B9A0-42DF-9AE0-78833560E1A3}.Release|Any CPU.Build.0 = Release|Any CPU
		{B50D2E39-214E-4FAC-BE60-0146D0A4D7E5}.Debug|Any CPU.ActiveCfg = Debug|Any CPU
		{B50D2E39-214E-4FAC-BE60-0146D0A4D7E5}.Debug|Any CPU.Build.0 = Debug|Any CPU
		{B50D2E39-214E-4FAC-BE60-0146D0A4D7E5}.Release|Any CPU.ActiveCfg = Release|Any CPU
		{B50D2E39-214E-4FAC-BE60-0146D0A4D7E5}.Release|Any CPU.Build.0 = Release|Any CPU
		{C523DCCE-0C60-4590-9419-4BD6908D867A}.Debug|Any CPU.ActiveCfg = Debug|Any CPU
		{C523DCCE-0C60-4590-9419-4BD6908D867A}.Debug|Any CPU.Build.0 = Debug|Any CPU
		{C523DCCE-0C60-4590-9419-4BD6908D867A}.Release|Any CPU.ActiveCfg = Release|Any CPU
		{C523DCCE-0C60-4590-9419-4BD6908D867A}.Release|Any CPU.Build.0 = Release|Any CPU
		{7ACEA284-7346-4667-9934-3DF89B162AC1}.Debug|Any CPU.ActiveCfg = Debug|Any CPU
		{7ACEA284-7346-4667-9934-3DF89B162AC1}.Debug|Any CPU.Build.0 = Debug|Any CPU
		{7ACEA284-7346-4667-9934-3DF89B162AC1}.Release|Any CPU.ActiveCfg = Release|Any CPU
		{7ACEA284-7346-4667-9934-3DF89B162AC1}.Release|Any CPU.Build.0 = Release|Any CPU
		{5BA1DE54-6AA9-4696-ADE1-C32985BC3129}.Debug|Any CPU.ActiveCfg = Debug|Any CPU
		{5BA1DE54-6AA9-4696-ADE1-C32985BC3129}.Debug|Any CPU.Build.0 = Debug|Any CPU
		{5BA1DE54-6AA9-4696-ADE1-C32985BC3129}.Release|Any CPU.ActiveCfg = Release|Any CPU
		{5BA1DE54-6AA9-4696-ADE1-C32985BC3129}.Release|Any CPU.Build.0 = Release|Any CPU
		{52DF0B17-0BCB-4DE4-A315-D74B8FBF86B1}.Debug|Any CPU.ActiveCfg = Debug|Any CPU
		{52DF0B17-0BCB-4DE4-A315-D74B8FBF86B1}.Debug|Any CPU.Build.0 = Debug|Any CPU
		{52DF0B17-0BCB-4DE4-A315-D74B8FBF86B1}.Release|Any CPU.ActiveCfg = Release|Any CPU
		{52DF0B17-0BCB-4DE4-A315-D74B8FBF86B1}.Release|Any CPU.Build.0 = Release|Any CPU
	EndGlobalSection
	GlobalSection(SolutionProperties) = preSolution
		HideSolutionNode = FALSE
	EndGlobalSection
EndGlobal
